
Microsoft Visual Studio Solution File, Format Version 12.00
# Visual Studio 14
VisualStudioVersion = 14.0.24720.0
MinimumVisualStudioVersion = 11.0.50727.42
Project("{8BC9CEB8-8B4A-11D0-8D11-00A0C91BC942}") = "NVEnc", "NVEnc\NVEnc.vcxproj", "{CA657958-0BE8-4D0F-95CD-602BF2C33D2D}"
EndProject
Project("{8BC9CEB8-8B4A-11D0-8D11-00A0C91BC942}") = "NVEncCore", "NVEncCore\NVEncCore.vcxproj", "{1CD1CF80-E971-4A92-93E0-4AEA5F4032B5}"
EndProject
Project("{8BC9CEB8-8B4A-11D0-8D11-00A0C91BC942}") = "NVEncC", "NVEncC\NVEncC.vcxproj", "{2EEB3276-C363-4820-92EA-FEA8BF1045FE}"
	ProjectSection(ProjectDependencies) = postProject
		{1CD1CF80-E971-4A92-93E0-4AEA5F4032B5} = {1CD1CF80-E971-4A92-93E0-4AEA5F4032B5}
	EndProjectSection
EndProject
Project("{8BC9CEB8-8B4A-11D0-8D11-00A0C91BC942}") = "tinyxml2", "tinyxml2\tinyxml2.vcxproj", "{A34CA86D-6C2B-482F-984E-2687459E65E9}"
EndProject
Project("{8BC9CEB8-8B4A-11D0-8D11-00A0C91BC942}") = "ChapterRW", "ChapterRW\ChapterRW.vcxproj", "{6A9832B8-FE45-415C-A162-7D07E5E4FA2B}"
EndProject
Global
	GlobalSection(SolutionConfigurationPlatforms) = preSolution
		Debug|Win32 = Debug|Win32
		Debug|x64 = Debug|x64
		DebugStatic|Win32 = DebugStatic|Win32
		DebugStatic|x64 = DebugStatic|x64
		Release|Win32 = Release|Win32
		Release|x64 = Release|x64
		RelStatic|Win32 = RelStatic|Win32
		RelStatic|x64 = RelStatic|x64
	EndGlobalSection
	GlobalSection(ProjectConfigurationPlatforms) = postSolution
		{CA657958-0BE8-4D0F-95CD-602BF2C33D2D}.Debug|Win32.ActiveCfg = Debug|Win32
		{CA657958-0BE8-4D0F-95CD-602BF2C33D2D}.Debug|Win32.Build.0 = Debug|Win32
		{CA657958-0BE8-4D0F-95CD-602BF2C33D2D}.Debug|x64.ActiveCfg = Debug|x64
		{CA657958-0BE8-4D0F-95CD-602BF2C33D2D}.DebugStatic|Win32.ActiveCfg = DebugStatic|Win32
		{CA657958-0BE8-4D0F-95CD-602BF2C33D2D}.DebugStatic|x64.ActiveCfg = DebugStatic|x64
		{CA657958-0BE8-4D0F-95CD-602BF2C33D2D}.Release|Win32.ActiveCfg = Release|Win32
		{CA657958-0BE8-4D0F-95CD-602BF2C33D2D}.Release|Win32.Build.0 = Release|Win32
		{CA657958-0BE8-4D0F-95CD-602BF2C33D2D}.Release|x64.ActiveCfg = Release|x64
		{CA657958-0BE8-4D0F-95CD-602BF2C33D2D}.RelStatic|Win32.ActiveCfg = RelStatic|Win32
		{CA657958-0BE8-4D0F-95CD-602BF2C33D2D}.RelStatic|x64.ActiveCfg = RelStatic|x64
		{1CD1CF80-E971-4A92-93E0-4AEA5F4032B5}.Debug|Win32.ActiveCfg = Debug|Win32
		{1CD1CF80-E971-4A92-93E0-4AEA5F4032B5}.Debug|Win32.Build.0 = Debug|Win32
		{1CD1CF80-E971-4A92-93E0-4AEA5F4032B5}.Debug|x64.ActiveCfg = Debug|x64
		{1CD1CF80-E971-4A92-93E0-4AEA5F4032B5}.Debug|x64.Build.0 = Debug|x64
		{1CD1CF80-E971-4A92-93E0-4AEA5F4032B5}.DebugStatic|Win32.ActiveCfg = DebugStatic|Win32
		{1CD1CF80-E971-4A92-93E0-4AEA5F4032B5}.DebugStatic|Win32.Build.0 = DebugStatic|Win32
		{1CD1CF80-E971-4A92-93E0-4AEA5F4032B5}.DebugStatic|x64.ActiveCfg = DebugStatic|x64
		{1CD1CF80-E971-4A92-93E0-4AEA5F4032B5}.DebugStatic|x64.Build.0 = DebugStatic|x64
		{1CD1CF80-E971-4A92-93E0-4AEA5F4032B5}.Release|Win32.ActiveCfg = Release|Win32
		{1CD1CF80-E971-4A92-93E0-4AEA5F4032B5}.Release|Win32.Build.0 = Release|Win32
		{1CD1CF80-E971-4A92-93E0-4AEA5F4032B5}.Release|x64.ActiveCfg = Release|x64
		{1CD1CF80-E971-4A92-93E0-4AEA5F4032B5}.Release|x64.Build.0 = Release|x64
		{1CD1CF80-E971-4A92-93E0-4AEA5F4032B5}.RelStatic|Win32.ActiveCfg = RelStatic|Win32
		{1CD1CF80-E971-4A92-93E0-4AEA5F4032B5}.RelStatic|Win32.Build.0 = RelStatic|Win32
		{1CD1CF80-E971-4A92-93E0-4AEA5F4032B5}.RelStatic|x64.ActiveCfg = RelStatic|x64
		{1CD1CF80-E971-4A92-93E0-4AEA5F4032B5}.RelStatic|x64.Build.0 = RelStatic|x64
		{2EEB3276-C363-4820-92EA-FEA8BF1045FE}.Debug|Win32.ActiveCfg = Debug|Win32
		{2EEB3276-C363-4820-92EA-FEA8BF1045FE}.Debug|Win32.Build.0 = Debug|Win32
		{2EEB3276-C363-4820-92EA-FEA8BF1045FE}.Debug|x64.ActiveCfg = Debug|x64
		{2EEB3276-C363-4820-92EA-FEA8BF1045FE}.Debug|x64.Build.0 = Debug|x64
		{2EEB3276-C363-4820-92EA-FEA8BF1045FE}.DebugStatic|Win32.ActiveCfg = DebugStatic|Win32
		{2EEB3276-C363-4820-92EA-FEA8BF1045FE}.DebugStatic|Win32.Build.0 = DebugStatic|Win32
		{2EEB3276-C363-4820-92EA-FEA8BF1045FE}.DebugStatic|x64.ActiveCfg = DebugStatic|x64
		{2EEB3276-C363-4820-92EA-FEA8BF1045FE}.DebugStatic|x64.Build.0 = DebugStatic|x64
		{2EEB3276-C363-4820-92EA-FEA8BF1045FE}.Release|Win32.ActiveCfg = Release|Win32
		{2EEB3276-C363-4820-92EA-FEA8BF1045FE}.Release|x64.ActiveCfg = Release|x64
		{2EEB3276-C363-4820-92EA-FEA8BF1045FE}.Release|x64.Build.0 = Release|x64
		{2EEB3276-C363-4820-92EA-FEA8BF1045FE}.RelStatic|Win32.ActiveCfg = RelStatic|Win32
		{2EEB3276-C363-4820-92EA-FEA8BF1045FE}.RelStatic|Win32.Build.0 = RelStatic|Win32
		{2EEB3276-C363-4820-92EA-FEA8BF1045FE}.RelStatic|x64.ActiveCfg = RelStatic|x64
		{2EEB3276-C363-4820-92EA-FEA8BF1045FE}.RelStatic|x64.Build.0 = RelStatic|x64
		{A34CA86D-6C2B-482F-984E-2687459E65E9}.Debug|Win32.ActiveCfg = Debug|Win32
		{A34CA86D-6C2B-482F-984E-2687459E65E9}.Debug|Win32.Build.0 = Debug|Win32
		{A34CA86D-6C2B-482F-984E-2687459E65E9}.Debug|x64.ActiveCfg = Debug|x64
		{A34CA86D-6C2B-482F-984E-2687459E65E9}.Debug|x64.Build.0 = Debug|x64
		{A34CA86D-6C2B-482F-984E-2687459E65E9}.DebugStatic|Win32.ActiveCfg = DebugStatic|Win32
		{A34CA86D-6C2B-482F-984E-2687459E65E9}.DebugStatic|Win32.Build.0 = DebugStatic|Win32
		{A34CA86D-6C2B-482F-984E-2687459E65E9}.DebugStatic|x64.ActiveCfg = DebugStatic|x64
		{A34CA86D-6C2B-482F-984E-2687459E65E9}.DebugStatic|x64.Build.0 = DebugStatic|x64
		{A34CA86D-6C2B-482F-984E-2687459E65E9}.Release|Win32.ActiveCfg = Release|Win32
		{A34CA86D-6C2B-482F-984E-2687459E65E9}.Release|Win32.Build.0 = Release|Win32
		{A34CA86D-6C2B-482F-984E-2687459E65E9}.Release|x64.ActiveCfg = Release|x64
		{A34CA86D-6C2B-482F-984E-2687459E65E9}.Release|x64.Build.0 = Release|x64
		{A34CA86D-6C2B-482F-984E-2687459E65E9}.RelStatic|Win32.ActiveCfg = RelStatic|Win32
		{A34CA86D-6C2B-482F-984E-2687459E65E9}.RelStatic|Win32.Build.0 = RelStatic|Win32
		{A34CA86D-6C2B-482F-984E-2687459E65E9}.RelStatic|x64.ActiveCfg = RelStatic|x64
		{A34CA86D-6C2B-482F-984E-2687459E65E9}.RelStatic|x64.Build.0 = RelStatic|x64
		{6A9832B8-FE45-415C-A162-7D07E5E4FA2B}.Debug|Win32.ActiveCfg = Debug|Win32
		{6A9832B8-FE45-415C-A162-7D07E5E4FA2B}.Debug|Win32.Build.0 = Debug|Win32
		{6A9832B8-FE45-415C-A162-7D07E5E4FA2B}.Debug|x64.ActiveCfg = Debug|x64
		{6A9832B8-FE45-415C-A162-7D07E5E4FA2B}.Debug|x64.Build.0 = Debug|x64
		{6A9832B8-FE45-415C-A162-7D07E5E4FA2B}.DebugStatic|Win32.ActiveCfg = DebugStatic|Win32
		{6A9832B8-FE45-415C-A162-7D07E5E4FA2B}.DebugStatic|Win32.Build.0 = DebugStatic|Win32
		{6A9832B8-FE45-415C-A162-7D07E5E4FA2B}.DebugStatic|x64.ActiveCfg = DebugStatic|x64
		{6A9832B8-FE45-415C-A162-7D07E5E4FA2B}.DebugStatic|x64.Build.0 = DebugStatic|x64
		{6A9832B8-FE45-415C-A162-7D07E5E4FA2B}.Release|Win32.ActiveCfg = Release|Win32
		{6A9832B8-FE45-415C-A162-7D07E5E4FA2B}.Release|Win32.Build.0 = Release|Win32
		{6A9832B8-FE45-415C-A162-7D07E5E4FA2B}.Release|x64.ActiveCfg = Release|x64
		{6A9832B8-FE45-415C-A162-7D07E5E4FA2B}.Release|x64.Build.0 = Release|x64
		{6A9832B8-FE45-415C-A162-7D07E5E4FA2B}.RelStatic|Win32.ActiveCfg = RelStatic|Win32
		{6A9832B8-FE45-415C-A162-7D07E5E4FA2B}.RelStatic|Win32.Build.0 = RelStatic|Win32
		{6A9832B8-FE45-415C-A162-7D07E5E4FA2B}.RelStatic|x64.ActiveCfg = RelStatic|x64
		{6A9832B8-FE45-415C-A162-7D07E5E4FA2B}.RelStatic|x64.Build.0 = RelStatic|x64
	EndGlobalSection
	GlobalSection(SolutionProperties) = preSolution
		HideSolutionNode = FALSE
	EndGlobalSection
EndGlobal
